
Microsoft Visual Studio Solution File, Format Version 12.00
# Visual Studio 15
VisualStudioVersion = 15.0.26730.16
MinimumVisualStudioVersion = 10.0.40219.1
Project("{FAE04EC0-301F-11D3-BF4B-00C04F79EFBC}") = "mnist_classification", "mnist_classification\mnist_classification.csproj", "{90563E54-29C0-43EA-9970-7DE79D1EE4F2}"
EndProject
Global
	GlobalSection(SolutionConfigurationPlatforms) = preSolution
		Debug|Any CPU = Debug|Any CPU
		Release|Any CPU = Release|Any CPU
	EndGlobalSection
	GlobalSection(ProjectConfigurationPlatforms) = postSolution
		{90563E54-29C0-43EA-9970-7DE79D1EE4F2}.Debug|Any CPU.ActiveCfg = Debug|Any CPU
		{90563E54-29C0-43EA-9970-7DE79D1EE4F2}.Debug|Any CPU.Build.0 = Debug|Any CPU
		{90563E54-29C0-43EA-9970-7DE79D1EE4F2}.Release|Any CPU.ActiveCfg = Release|Any CPU
		{90563E54-29C0-43EA-9970-7DE79D1EE4F2}.Release|Any CPU.Build.0 = Release|Any CPU
	EndGlobalSection
	GlobalSection(SolutionProperties) = preSolution
		HideSolutionNode = FALSE
	EndGlobalSection
	GlobalSection(ExtensibilityGlobals) = postSolution
		SolutionGuid = {74B800B6-512A-4505-BEB3-6675FA329666}
	EndGlobalSection
EndGlobal
